// !$*UTF8*$!
{
	archiveVersion = 1;
	classes = {
	};
	objectVersion = 46;
	objects = {
/* Begin PBXBuildFile section */
		0207DA581B56EA530066E2B4 /* Images.xcassets in Resources */ = {isa = PBXBuildFile; fileRef = 0207DA571B56EA530066E2B4 /* Images.xcassets */; };
		1D3623260D0F684500981E51 /* AppDelegate.m in Sources */ = {isa = PBXBuildFile; fileRef = 1D3623250D0F684500981E51 /* AppDelegate.m */; };
		1D60589B0D05DD56006BFB54 /* main.m in Sources */ = {isa = PBXBuildFile; fileRef = 29B97316FDCFA39411CA2CEA /* main.m */; };
		301BF552109A68D80062928A /* libCordova.a in Frameworks */ = {isa = PBXBuildFile; fileRef = 301BF535109A57CC0062928A /* libCordova.a */; };
		302D95F114D2391D003F00A1 /* MainViewController.m in Sources */ = {isa = PBXBuildFile; fileRef = 302D95EF14D2391D003F00A1 /* MainViewController.m */; };
		302D95F214D2391D003F00A1 /* MainViewController.xib in Resources */ = {isa = PBXBuildFile; fileRef = 302D95F014D2391D003F00A1 /* MainViewController.xib */; };
		3047A5121AB8059700498E2A /* build-debug.xcconfig in Resources */ = {isa = PBXBuildFile; fileRef = 3047A50F1AB8059700498E2A /* build-debug.xcconfig */; };
		3047A5131AB8059700498E2A /* build-release.xcconfig in Resources */ = {isa = PBXBuildFile; fileRef = 3047A5101AB8059700498E2A /* build-release.xcconfig */; };
		3047A5141AB8059700498E2A /* build.xcconfig in Resources */ = {isa = PBXBuildFile; fileRef = 3047A5111AB8059700498E2A /* build.xcconfig */; };
		6AFF5BF91D6E424B00AB3073 /* CDVLaunchScreen.storyboard in Resources */ = {isa = PBXBuildFile; fileRef = 6AFF5BF81D6E424B00AB3073 /* CDVLaunchScreen.storyboard */; };
		D511B85EBC3C4D3AB85D3177 /* UIImage+CropScaleOrientation.m in Sources */ = {isa = PBXBuildFile; fileRef = 8C66AEF64D9145699506CE84 /* UIImage+CropScaleOrientation.m */; };
		B5DCEAAF5567417DB7F36B0A /* CDVCamera.m in Sources */ = {isa = PBXBuildFile; fileRef = 8D23E3B17E5945269B9567FA /* CDVCamera.m */; };
		F36269D2ED494458A6FABC00 /* CDVJpegHeaderWriter.m in Sources */ = {isa = PBXBuildFile; fileRef = B96D52B25DD344AC9EE2211C /* CDVJpegHeaderWriter.m */; };
		133819D8AE2949D3874437F7 /* ImageIO.framework in Frameworks */ = {isa = PBXBuildFile; fileRef = F4C30FEFA3604F9E8438F332 /* ImageIO.framework */; settings = {ATTRIBUTES = (Weak, ); }; };
		7E82DD29F1DE4C2095D451FD /* CoreLocation.framework in Frameworks */ = {isa = PBXBuildFile; fileRef = C65D0A71F1CB41F99D31BB04 /* CoreLocation.framework */; };
		5E3FC66148464B5AACEF1D2C /* AVFoundation.framework in Frameworks */ = {isa = PBXBuildFile; fileRef = F6473FE2140A43BDA82F9C68 /* AVFoundation.framework */; };
		4FCC83F747B84D6D8D7ACE07 /* CDVLocation.m in Sources */ = {isa = PBXBuildFile; fileRef = 291457BA28654F1BAB942B6C /* CDVLocation.m */; };
		CF2A48F10AE94BB992730571 /* Toast+UIView.m in Sources */ = {isa = PBXBuildFile; fileRef = DC72828D0A914D259F04C214 /* Toast+UIView.m */; };
		EB2F5E01E0E5450CB3194793 /* Toast.m in Sources */ = {isa = PBXBuildFile; fileRef = E1DA4839A9B949C6BDF83655 /* Toast.m */; };
		CCD35D6E09D64994BBB65B2A /* QuartzCore.framework in Frameworks */ = {isa = PBXBuildFile; fileRef = 225001FE99F8420AB7B81C40 /* QuartzCore.framework */; };
		43770256C1964D479A7738F0 /* CDVBarcodeScanner.mm in Resources */ = {isa = PBXBuildFile; fileRef = AAD68F8D770A41FD8A89686F /* CDVBarcodeScanner.mm */; };
		BF05DDE9272F45D29B2D976D /* scannerOverlay.xib in Resources */ = {isa = PBXBuildFile; fileRef = A0559EBEBEA04FA7BCA19B13 /* scannerOverlay.xib */; };
		A5921A5C0DD5488383C68D1B /* CDVBarcodeScanner.bundle in Resources */ = {isa = PBXBuildFile; fileRef = 4E228870596844138DDDACD5 /* CDVBarcodeScanner.bundle */; };
		7DEBBE8086F9481FB9C520AA /* AudioToolbox.framework in Frameworks */ = {isa = PBXBuildFile; fileRef = 712D05AE0D88419B917B1D59 /* AudioToolbox.framework */; };
		E6E93C33FF484245ABAF6003 /* CDVDevice.m in Sources */ = {isa = PBXBuildFile; fileRef = AEF04133EBE64BDEACB532C4 /* CDVDevice.m */; };
		B8E46C2B0C804525AAAED10E /* CDVSplashScreen.m in Sources */ = {isa = PBXBuildFile; fileRef = 9FE39E0E6CD24A09BA93D78F /* CDVSplashScreen.m */; };
		FD63E7ADFCE0433B9E9A8B19 /* CDVViewController+SplashScreen.m in Sources */ = {isa = PBXBuildFile; fileRef = E60B671B585F42EA96C74C21 /* CDVViewController+SplashScreen.m */; };
		593406135FC6495BA90EE5AD /* CDVWKWebViewEngine.m in Sources */ = {isa = PBXBuildFile; fileRef = 1416C611A0CB44E59F4AFA1A /* CDVWKWebViewEngine.m */; };
		B8475D89E278432387404D87 /* CDVWKWebViewUIDelegate.m in Sources */ = {isa = PBXBuildFile; fileRef = E21718FEF21142F5B72F6BA7 /* CDVWKWebViewUIDelegate.m */; };
		BE4EC967495942DEB5FF156E /* CDVWKProcessPoolFactory.m in Sources */ = {isa = PBXBuildFile; fileRef = 24262FC144AE4290B335A1A8 /* CDVWKProcessPoolFactory.m */; };
		F6558F1AECE2477BA489537E /* IONAssetHandler.m in Sources */ = {isa = PBXBuildFile; fileRef = 00CD4ED49FC74015B1A71592 /* IONAssetHandler.m */; };
		73E55C16E09B4AE5AC22A0E4 /* GCDWebServer.m in Sources */ = {isa = PBXBuildFile; fileRef = 876D0E8A9F7A4888AFD89F02 /* GCDWebServer.m */; };
		682AD5E253DE4C3089D418DA /* GCDWebServerConnection.m in Sources */ = {isa = PBXBuildFile; fileRef = 54D57F1C2C7E4780A9F76F27 /* GCDWebServerConnection.m */; };
		8925EA1EAD044A85B6B4EAC6 /* GCDWebServerFunctions.m in Sources */ = {isa = PBXBuildFile; fileRef = BA13E06D8C0340B0AD4ADF68 /* GCDWebServerFunctions.m */; };
		15403258F3EA498BB53132A7 /* GCDWebServerRequest.m in Sources */ = {isa = PBXBuildFile; fileRef = 7304F79DF98149A6ACF603D2 /* GCDWebServerRequest.m */; };
		A4B43FA6C8BB4F6BBD384B99 /* GCDWebServerResponse.m in Sources */ = {isa = PBXBuildFile; fileRef = A35515D2ADFA439292FF28BF /* GCDWebServerResponse.m */; };
		D676E195EFF145B1B07C607D /* GCDWebServerDataRequest.m in Sources */ = {isa = PBXBuildFile; fileRef = 4AA78E16FDAF45C6A7C9E247 /* GCDWebServerDataRequest.m */; };
		47CEC8F579CC431EBE176888 /* GCDWebServerFileRequest.m in Sources */ = {isa = PBXBuildFile; fileRef = 0D019B0D152C425DBA9C9C2C /* GCDWebServerFileRequest.m */; };
		50715A8ABDCD4643ADF5BD38 /* GCDWebServerMultiPartFormRequest.m in Sources */ = {isa = PBXBuildFile; fileRef = 1ABC1BD386C64FF887DAE3A3 /* GCDWebServerMultiPartFormRequest.m */; };
		DFDE2075245D402F86BC744C /* GCDWebServerURLEncodedFormRequest.m in Sources */ = {isa = PBXBuildFile; fileRef = 3E3ADE3B474047F58BC2D4F5 /* GCDWebServerURLEncodedFormRequest.m */; };
		612BA1C77AC441B980EA2CDD /* GCDWebServerDataResponse.m in Sources */ = {isa = PBXBuildFile; fileRef = A33D1234946A45509655352B /* GCDWebServerDataResponse.m */; };
		2AE21A76225E4A5CBADA04FA /* GCDWebServerErrorResponse.m in Sources */ = {isa = PBXBuildFile; fileRef = 2C2B13B78997406B8F88CF4E /* GCDWebServerErrorResponse.m */; };
		6EF5BC7B983049D784D53DE2 /* GCDWebServerFileResponse.m in Sources */ = {isa = PBXBuildFile; fileRef = 8349DC7DA18B4183B92A1720 /* GCDWebServerFileResponse.m */; };
		CFE1DA563912433A9D5A3036 /* GCDWebServerStreamedResponse.m in Sources */ = {isa = PBXBuildFile; fileRef = 1049177A1E6A4BEE9798CEA7 /* GCDWebServerStreamedResponse.m */; };
		BDF687CE513B4F628B83EA5A /* WebKit.framework in Frameworks */ = {isa = PBXBuildFile; fileRef = E40F25745A004F1BA487E56D /* WebKit.framework */; settings = {ATTRIBUTES = (Weak, ); }; };
		1ACC298B23604594B530459C /* libz.tbd in Frameworks */ = {isa = PBXBuildFile; fileRef = B502DD7D7FB242EA8A252C28 /* libz.tbd */; };
		C813A8955C30498BA24F6E86 /* CDVIonicKeyboard.m in Sources */ = {isa = PBXBuildFile; fileRef = 20B7AD24E8284D94B47E2367 /* CDVIonicKeyboard.m */; };
		9CA11E7E1B99416AAED3A65E /* CDVStatusBar.m in Sources */ = {isa = PBXBuildFile; fileRef = 497AB7921CD44789A5CDE09B /* CDVStatusBar.m */; };
		830329AED1AA448DAC80B4C8 /* CDVFile.m in Sources */ = {isa = PBXBuildFile; fileRef = BFDFA4F9E7064CFFBECCF2D7 /* CDVFile.m */; };
		2F995F158F344514B7DAE8D2 /* CDVLocalFilesystem.m in Sources */ = {isa = PBXBuildFile; fileRef = 7B2523E39CEA4188BBB4E747 /* CDVLocalFilesystem.m */; };
		7026BE0D802141FBAB1851C0 /* CDVAssetLibraryFilesystem.m in Sources */ = {isa = PBXBuildFile; fileRef = D7BF26FDDA17465BA88372C6 /* CDVAssetLibraryFilesystem.m */; };
		C3B46757263248D2B770F309 /* CordovaHttpPlugin.m in Sources */ = {isa = PBXBuildFile; fileRef = F9C3525981B24B419BC2A0F2 /* CordovaHttpPlugin.m */; };
		4FFBA15D37F74D6D93BE0DD8 /* TextResponseSerializer.m in Sources */ = {isa = PBXBuildFile; fileRef = 6189F1EE0F44405D83AB3DC1 /* TextResponseSerializer.m */; };
		5CFD6E935D884D8090ECB5D9 /* TextRequestSerializer.m in Sources */ = {isa = PBXBuildFile; fileRef = 41BC1614E91646EABBD7A3F9 /* TextRequestSerializer.m */; };
		7DDF631D469A4DE18448217B /* AFHTTPSessionManager.m in Sources */ = {isa = PBXBuildFile; fileRef = 725EF2C71DD54647A6ACE14F /* AFHTTPSessionManager.m */; };
		9E8AFC23FC5B4C9594155AD2 /* AFNetworkReachabilityManager.m in Sources */ = {isa = PBXBuildFile; fileRef = 53B238A44FCC4EF6B845965A /* AFNetworkReachabilityManager.m */; };
		4BDC622804954EAF8CD982D1 /* AFSecurityPolicy.m in Sources */ = {isa = PBXBuildFile; fileRef = 7B064E3FBEAF4753817BA498 /* AFSecurityPolicy.m */; };
		4CF62E3047564AEA9D0B2721 /* AFURLRequestSerialization.m in Sources */ = {isa = PBXBuildFile; fileRef = 1B00CF1AB7FB4272ADD68BCB /* AFURLRequestSerialization.m */; };
		A587D975B5F94F75B5F528F7 /* AFURLResponseSerialization.m in Sources */ = {isa = PBXBuildFile; fileRef = 5CA71FA3F9A341849397477F /* AFURLResponseSerialization.m */; };
		83C7E925A1FD42C4AE2DB9FC /* AFURLSessionManager.m in Sources */ = {isa = PBXBuildFile; fileRef = E01B6DDAC72B40DEA7E2EB70 /* AFURLSessionManager.m */; };
		295E90B615174E43B085336B /* SDNetworkActivityIndicator.m in Sources */ = {isa = PBXBuildFile; fileRef = 40CCD394BC714809A8C9EE66 /* SDNetworkActivityIndicator.m */; };
		FCFEA1E1D2E94EB98A663911 /* Security.framework in Frameworks */ = {isa = PBXBuildFile; fileRef = 4BECF37F081E44CA8150C4CE /* Security.framework */; };
		ADEC44892BC94CF9B6E0F76E /* SystemConfiguration.framework in Frameworks */ = {isa = PBXBuildFile; fileRef = EB6854C0DA8640F695D5E7DC /* SystemConfiguration.framework */; };
/* End PBXBuildFile section */

/* Begin PBXContainerItemProxy section */
		301BF534109A57CC0062928A /* PBXContainerItemProxy */ = {
			isa = PBXContainerItemProxy;
			containerPortal = 301BF52D109A57CC0062928A /* CordovaLib.xcodeproj */;
			proxyType = 2;
			remoteGlobalIDString = D2AAC07E0554694100DB518D;
			remoteInfo = CordovaLib;
		};
		301BF550109A68C00062928A /* PBXContainerItemProxy */ = {
			isa = PBXContainerItemProxy;
			containerPortal = 301BF52D109A57CC0062928A /* CordovaLib.xcodeproj */;
			proxyType = 1;
			remoteGlobalIDString = D2AAC07D0554694100DB518D;
			remoteInfo = CordovaLib;
		};
/* End PBXContainerItemProxy section */

/* Begin PBXFileReference section */
		0207DA571B56EA530066E2B4 /* Images.xcassets */ = {isa = PBXFileReference; lastKnownFileType = folder.assetcatalog; name = Images.xcassets; path = "MyApp/Images.xcassets"; sourceTree = SOURCE_ROOT; };
		1D3623240D0F684500981E51 /* AppDelegate.h */ = {isa = PBXFileReference; fileEncoding = 4; lastKnownFileType = sourcecode.c.h; path = AppDelegate.h; sourceTree = "<group>"; };
		1D3623250D0F684500981E51 /* AppDelegate.m */ = {isa = PBXFileReference; fileEncoding = 4; lastKnownFileType = sourcecode.c.objc; path = AppDelegate.m; sourceTree = "<group>"; };
		1D6058910D05DD3D006BFB54 /* MyApp.app */ = {isa = PBXFileReference; explicitFileType = wrapper.application; includeInIndex = 0; path = "MyApp.app"; sourceTree = BUILT_PRODUCTS_DIR; };
		29B97316FDCFA39411CA2CEA /* main.m */ = {isa = PBXFileReference; fileEncoding = 4; lastKnownFileType = sourcecode.c.objc; path = main.m; sourceTree = "<group>"; };
		301BF52D109A57CC0062928A /* CordovaLib.xcodeproj */ = {isa = PBXFileReference; lastKnownFileType = "wrapper.pb-project"; path = CordovaLib/CordovaLib.xcodeproj; sourceTree = "<group>"; };
		301BF56E109A69640062928A /* www */ = {isa = PBXFileReference; lastKnownFileType = folder; path = www; sourceTree = SOURCE_ROOT; };
		302D95EE14D2391D003F00A1 /* MainViewController.h */ = {isa = PBXFileReference; fileEncoding = 4; lastKnownFileType = sourcecode.c.h; path = MainViewController.h; sourceTree = "<group>"; };
		302D95EF14D2391D003F00A1 /* MainViewController.m */ = {isa = PBXFileReference; fileEncoding = 4; lastKnownFileType = sourcecode.c.objc; path = MainViewController.m; sourceTree = "<group>"; };
		302D95F014D2391D003F00A1 /* MainViewController.xib */ = {isa = PBXFileReference; fileEncoding = 4; lastKnownFileType = file.xib; path = MainViewController.xib; sourceTree = "<group>"; };
		3047A50F1AB8059700498E2A /* build-debug.xcconfig */ = {isa = PBXFileReference; fileEncoding = 4; lastKnownFileType = text.xcconfig; name = "build-debug.xcconfig"; path = cordova/build-debug.xcconfig; sourceTree = SOURCE_ROOT; };
		3047A5101AB8059700498E2A /* build-release.xcconfig */ = {isa = PBXFileReference; fileEncoding = 4; lastKnownFileType = text.xcconfig; name = "build-release.xcconfig"; path = cordova/build-release.xcconfig; sourceTree = SOURCE_ROOT; };
		3047A5111AB8059700498E2A /* build.xcconfig */ = {isa = PBXFileReference; fileEncoding = 4; lastKnownFileType = text.xcconfig; name = build.xcconfig; path = cordova/build.xcconfig; sourceTree = SOURCE_ROOT; };
		32CA4F630368D1EE00C91783 /* MyApp-Prefix.pch */ = {isa = PBXFileReference; fileEncoding = 4; lastKnownFileType = sourcecode.c.h; path = "MyApp-Prefix.pch"; sourceTree = "<group>"; };
		6AFF5BF81D6E424B00AB3073 /* CDVLaunchScreen.storyboard */ = {isa = PBXFileReference; fileEncoding = 4; lastKnownFileType = file.storyboard; name = CDVLaunchScreen.storyboard; path = "MyApp/CDVLaunchScreen.storyboard"; sourceTree = SOURCE_ROOT; };
		8D1107310486CEB800E47090 /* MyApp-Info.plist */ = {isa = PBXFileReference; fileEncoding = 4; lastKnownFileType = text.plist.xml; name = "MyApp-Info.plist"; path = "MyApp/MyApp-Info.plist"; plistStructureDefinitionIdentifier = "com.apple.xcode.plist.structure-definition.iphone.info-plist"; sourceTree = SOURCE_ROOT; };
		EB87FDF31871DA8E0020F90C /* www */ = {isa = PBXFileReference; lastKnownFileType = folder; name = www; path = ../../www; sourceTree = "<group>"; };
		EB87FDF41871DAF40020F90C /* config.xml */ = {isa = PBXFileReference; lastKnownFileType = text.xml; name = config.xml; path = ../../config.xml; sourceTree = "<group>"; };
		F840E1F0165FE0F500CFE078 /* config.xml */ = {isa = PBXFileReference; lastKnownFileType = text.xml; name = config.xml; path = "MyApp/config.xml"; sourceTree = "<group>"; };
		ED33DF2A687741AEAF9F8254 /* Bridging-Header.h */ = {isa = PBXFileReference; fileEncoding = 4; lastKnownFileType = sourcecode.c.h; name = "Bridging-Header.h"; path = "Bridging-Header.h"; sourceTree = "<group>"; };
		8C66AEF64D9145699506CE84 /* UIImage+CropScaleOrientation.m */ = {isa = PBXFileReference; name = "UIImage+CropScaleOrientation.m"; path = "cordova-plugin-camera/UIImage+CropScaleOrientation.m"; sourceTree = "<group>"; fileEncoding = 4; lastKnownFileType = sourcecode.c.objc; explicitFileType = undefined; includeInIndex = 0; };
		8D23E3B17E5945269B9567FA /* CDVCamera.m */ = {isa = PBXFileReference; name = "CDVCamera.m"; path = "cordova-plugin-camera/CDVCamera.m"; sourceTree = "<group>"; fileEncoding = 4; lastKnownFileType = sourcecode.c.objc; explicitFileType = undefined; includeInIndex = 0; };
		B96D52B25DD344AC9EE2211C /* CDVJpegHeaderWriter.m */ = {isa = PBXFileReference; name = "CDVJpegHeaderWriter.m"; path = "cordova-plugin-camera/CDVJpegHeaderWriter.m"; sourceTree = "<group>"; fileEncoding = 4; lastKnownFileType = sourcecode.c.objc; explicitFileType = undefined; includeInIndex = 0; };
		517210D26FA240BB8559E455 /* UIImage+CropScaleOrientation.h */ = {isa = PBXFileReference; name = "UIImage+CropScaleOrientation.h"; path = "cordova-plugin-camera/UIImage+CropScaleOrientation.h"; sourceTree = "<group>"; fileEncoding = 4; lastKnownFileType = sourcecode.c.h; explicitFileType = undefined; includeInIndex = 0; };
		93A930DAF6234F5592C551FC /* CDVCamera.h */ = {isa = PBXFileReference; name = "CDVCamera.h"; path = "cordova-plugin-camera/CDVCamera.h"; sourceTree = "<group>"; fileEncoding = 4; lastKnownFileType = sourcecode.c.h; explicitFileType = undefined; includeInIndex = 0; };
		3F76CE9FF7A440CB81DAF154 /* CDVJpegHeaderWriter.h */ = {isa = PBXFileReference; name = "CDVJpegHeaderWriter.h"; path = "cordova-plugin-camera/CDVJpegHeaderWriter.h"; sourceTree = "<group>"; fileEncoding = 4; lastKnownFileType = sourcecode.c.h; explicitFileType = undefined; includeInIndex = 0; };
		28C9E9F2E1224009AACACFEE /* CDVExif.h */ = {isa = PBXFileReference; name = "CDVExif.h"; path = "cordova-plugin-camera/CDVExif.h"; sourceTree = "<group>"; fileEncoding = 4; lastKnownFileType = sourcecode.c.h; explicitFileType = undefined; includeInIndex = 0; };
		F4C30FEFA3604F9E8438F332 /* ImageIO.framework */ = {isa = PBXFileReference; name = "ImageIO.framework"; path = "System/Library/Frameworks/ImageIO.framework"; sourceTree = SDKROOT; fileEncoding = undefined; lastKnownFileType = wrapper.framework; explicitFileType = undefined; includeInIndex = 0; };
		C65D0A71F1CB41F99D31BB04 /* CoreLocation.framework */ = {isa = PBXFileReference; name = "CoreLocation.framework"; path = "System/Library/Frameworks/CoreLocation.framework"; sourceTree = SDKROOT; fileEncoding = undefined; lastKnownFileType = wrapper.framework; explicitFileType = undefined; includeInIndex = 0; };
		F6473FE2140A43BDA82F9C68 /* AVFoundation.framework */ = {isa = PBXFileReference; name = "AVFoundation.framework"; path = "System/Library/Frameworks/AVFoundation.framework"; sourceTree = SDKROOT; fileEncoding = undefined; lastKnownFileType = wrapper.framework; explicitFileType = undefined; includeInIndex = 0; };
		291457BA28654F1BAB942B6C /* CDVLocation.m */ = {isa = PBXFileReference; name = "CDVLocation.m"; path = "cordova-plugin-geolocation/CDVLocation.m"; sourceTree = "<group>"; fileEncoding = 4; lastKnownFileType = sourcecode.c.objc; explicitFileType = undefined; includeInIndex = 0; };
		63EBE4E74A194DDCBBDC23E2 /* CDVLocation.h */ = {isa = PBXFileReference; name = "CDVLocation.h"; path = "cordova-plugin-geolocation/CDVLocation.h"; sourceTree = "<group>"; fileEncoding = 4; lastKnownFileType = sourcecode.c.h; explicitFileType = undefined; includeInIndex = 0; };
		DC72828D0A914D259F04C214 /* Toast+UIView.m */ = {isa = PBXFileReference; name = "Toast+UIView.m"; path = "cordova-plugin-x-toast/Toast+UIView.m"; sourceTree = "<group>"; fileEncoding = 4; lastKnownFileType = sourcecode.c.objc; explicitFileType = undefined; includeInIndex = 0; };
		E1DA4839A9B949C6BDF83655 /* Toast.m */ = {isa = PBXFileReference; name = "Toast.m"; path = "cordova-plugin-x-toast/Toast.m"; sourceTree = "<group>"; fileEncoding = 4; lastKnownFileType = sourcecode.c.objc; explicitFileType = undefined; includeInIndex = 0; };
		2F370AACB043431EB47CD275 /* Toast+UIView.h */ = {isa = PBXFileReference; name = "Toast+UIView.h"; path = "cordova-plugin-x-toast/Toast+UIView.h"; sourceTree = "<group>"; fileEncoding = 4; lastKnownFileType = sourcecode.c.h; explicitFileType = undefined; includeInIndex = 0; };
		28D2D99E2C474E3CB70480E5 /* Toast.h */ = {isa = PBXFileReference; name = "Toast.h"; path = "cordova-plugin-x-toast/Toast.h"; sourceTree = "<group>"; fileEncoding = 4; lastKnownFileType = sourcecode.c.h; explicitFileType = undefined; includeInIndex = 0; };
		225001FE99F8420AB7B81C40 /* QuartzCore.framework */ = {isa = PBXFileReference; name = "QuartzCore.framework"; path = "System/Library/Frameworks/QuartzCore.framework"; sourceTree = SDKROOT; fileEncoding = undefined; lastKnownFileType = wrapper.framework; explicitFileType = undefined; includeInIndex = 0; };
		AAD68F8D770A41FD8A89686F /* CDVBarcodeScanner.mm */ = {isa = PBXFileReference; name = "CDVBarcodeScanner.mm"; path = "phonegap-plugin-barcodescanner/CDVBarcodeScanner.mm"; sourceTree = "<group>"; fileEncoding = undefined; lastKnownFileType = unknown; explicitFileType = undefined; includeInIndex = 0; };
		A0559EBEBEA04FA7BCA19B13 /* scannerOverlay.xib */ = {isa = PBXFileReference; name = "scannerOverlay.xib"; path = "scannerOverlay.xib"; sourceTree = "<group>"; fileEncoding = undefined; lastKnownFileType = file.xib; explicitFileType = undefined; includeInIndex = 0; };
		4E228870596844138DDDACD5 /* CDVBarcodeScanner.bundle */ = {isa = PBXFileReference; name = "CDVBarcodeScanner.bundle"; path = "CDVBarcodeScanner.bundle"; sourceTree = "<group>"; fileEncoding = undefined; lastKnownFileType = wrapper.plug-in; explicitFileType = undefined; includeInIndex = 0; };
		712D05AE0D88419B917B1D59 /* AudioToolbox.framework */ = {isa = PBXFileReference; name = "AudioToolbox.framework"; path = "System/Library/Frameworks/AudioToolbox.framework"; sourceTree = SDKROOT; fileEncoding = undefined; lastKnownFileType = wrapper.framework; explicitFileType = undefined; includeInIndex = 0; };
		AEF04133EBE64BDEACB532C4 /* CDVDevice.m */ = {isa = PBXFileReference; name = "CDVDevice.m"; path = "cordova-plugin-device/CDVDevice.m"; sourceTree = "<group>"; fileEncoding = 4; lastKnownFileType = sourcecode.c.objc; explicitFileType = undefined; includeInIndex = 0; };
		1CA92C5F6D394880A54C2D40 /* CDVDevice.h */ = {isa = PBXFileReference; name = "CDVDevice.h"; path = "cordova-plugin-device/CDVDevice.h"; sourceTree = "<group>"; fileEncoding = 4; lastKnownFileType = sourcecode.c.h; explicitFileType = undefined; includeInIndex = 0; };
		9FE39E0E6CD24A09BA93D78F /* CDVSplashScreen.m */ = {isa = PBXFileReference; name = "CDVSplashScreen.m"; path = "cordova-plugin-splashscreen/CDVSplashScreen.m"; sourceTree = "<group>"; fileEncoding = 4; lastKnownFileType = sourcecode.c.objc; explicitFileType = undefined; includeInIndex = 0; };
		E60B671B585F42EA96C74C21 /* CDVViewController+SplashScreen.m */ = {isa = PBXFileReference; name = "CDVViewController+SplashScreen.m"; path = "cordova-plugin-splashscreen/CDVViewController+SplashScreen.m"; sourceTree = "<group>"; fileEncoding = 4; lastKnownFileType = sourcecode.c.objc; explicitFileType = undefined; includeInIndex = 0; };
		7BA0E8B4255A49BAAF199BB9 /* CDVSplashScreen.h */ = {isa = PBXFileReference; name = "CDVSplashScreen.h"; path = "cordova-plugin-splashscreen/CDVSplashScreen.h"; sourceTree = "<group>"; fileEncoding = 4; lastKnownFileType = sourcecode.c.h; explicitFileType = undefined; includeInIndex = 0; };
		251DAD97C7294F92999A959B /* CDVViewController+SplashScreen.h */ = {isa = PBXFileReference; name = "CDVViewController+SplashScreen.h"; path = "cordova-plugin-splashscreen/CDVViewController+SplashScreen.h"; sourceTree = "<group>"; fileEncoding = 4; lastKnownFileType = sourcecode.c.h; explicitFileType = undefined; includeInIndex = 0; };
		1416C611A0CB44E59F4AFA1A /* CDVWKWebViewEngine.m */ = {isa = PBXFileReference; name = "CDVWKWebViewEngine.m"; path = "cordova-plugin-ionic-webview/CDVWKWebViewEngine.m"; sourceTree = "<group>"; fileEncoding = 4; lastKnownFileType = sourcecode.c.objc; explicitFileType = undefined; includeInIndex = 0; };
		E21718FEF21142F5B72F6BA7 /* CDVWKWebViewUIDelegate.m */ = {isa = PBXFileReference; name = "CDVWKWebViewUIDelegate.m"; path = "cordova-plugin-ionic-webview/CDVWKWebViewUIDelegate.m"; sourceTree = "<group>"; fileEncoding = 4; lastKnownFileType = sourcecode.c.objc; explicitFileType = undefined; includeInIndex = 0; };
		24262FC144AE4290B335A1A8 /* CDVWKProcessPoolFactory.m */ = {isa = PBXFileReference; name = "CDVWKProcessPoolFactory.m"; path = "cordova-plugin-ionic-webview/CDVWKProcessPoolFactory.m"; sourceTree = "<group>"; fileEncoding = 4; lastKnownFileType = sourcecode.c.objc; explicitFileType = undefined; includeInIndex = 0; };
		00CD4ED49FC74015B1A71592 /* IONAssetHandler.m */ = {isa = PBXFileReference; name = "IONAssetHandler.m"; path = "cordova-plugin-ionic-webview/IONAssetHandler.m"; sourceTree = "<group>"; fileEncoding = 4; lastKnownFileType = sourcecode.c.objc; explicitFileType = undefined; includeInIndex = 0; };
		876D0E8A9F7A4888AFD89F02 /* GCDWebServer.m */ = {isa = PBXFileReference; name = "GCDWebServer.m"; path = "cordova-plugin-ionic-webview/GCDWebServer.m"; sourceTree = "<group>"; fileEncoding = 4; lastKnownFileType = sourcecode.c.objc; explicitFileType = undefined; includeInIndex = 0; };
		54D57F1C2C7E4780A9F76F27 /* GCDWebServerConnection.m */ = {isa = PBXFileReference; name = "GCDWebServerConnection.m"; path = "cordova-plugin-ionic-webview/GCDWebServerConnection.m"; sourceTree = "<group>"; fileEncoding = 4; lastKnownFileType = sourcecode.c.objc; explicitFileType = undefined; includeInIndex = 0; };
		BA13E06D8C0340B0AD4ADF68 /* GCDWebServerFunctions.m */ = {isa = PBXFileReference; name = "GCDWebServerFunctions.m"; path = "cordova-plugin-ionic-webview/GCDWebServerFunctions.m"; sourceTree = "<group>"; fileEncoding = 4; lastKnownFileType = sourcecode.c.objc; explicitFileType = undefined; includeInIndex = 0; };
		7304F79DF98149A6ACF603D2 /* GCDWebServerRequest.m */ = {isa = PBXFileReference; name = "GCDWebServerRequest.m"; path = "cordova-plugin-ionic-webview/GCDWebServerRequest.m"; sourceTree = "<group>"; fileEncoding = 4; lastKnownFileType = sourcecode.c.objc; explicitFileType = undefined; includeInIndex = 0; };
		A35515D2ADFA439292FF28BF /* GCDWebServerResponse.m */ = {isa = PBXFileReference; name = "GCDWebServerResponse.m"; path = "cordova-plugin-ionic-webview/GCDWebServerResponse.m"; sourceTree = "<group>"; fileEncoding = 4; lastKnownFileType = sourcecode.c.objc; explicitFileType = undefined; includeInIndex = 0; };
		4AA78E16FDAF45C6A7C9E247 /* GCDWebServerDataRequest.m */ = {isa = PBXFileReference; name = "GCDWebServerDataRequest.m"; path = "cordova-plugin-ionic-webview/GCDWebServerDataRequest.m"; sourceTree = "<group>"; fileEncoding = 4; lastKnownFileType = sourcecode.c.objc; explicitFileType = undefined; includeInIndex = 0; };
		0D019B0D152C425DBA9C9C2C /* GCDWebServerFileRequest.m */ = {isa = PBXFileReference; name = "GCDWebServerFileRequest.m"; path = "cordova-plugin-ionic-webview/GCDWebServerFileRequest.m"; sourceTree = "<group>"; fileEncoding = 4; lastKnownFileType = sourcecode.c.objc; explicitFileType = undefined; includeInIndex = 0; };
		1ABC1BD386C64FF887DAE3A3 /* GCDWebServerMultiPartFormRequest.m */ = {isa = PBXFileReference; name = "GCDWebServerMultiPartFormRequest.m"; path = "cordova-plugin-ionic-webview/GCDWebServerMultiPartFormRequest.m"; sourceTree = "<group>"; fileEncoding = 4; lastKnownFileType = sourcecode.c.objc; explicitFileType = undefined; includeInIndex = 0; };
		3E3ADE3B474047F58BC2D4F5 /* GCDWebServerURLEncodedFormRequest.m */ = {isa = PBXFileReference; name = "GCDWebServerURLEncodedFormRequest.m"; path = "cordova-plugin-ionic-webview/GCDWebServerURLEncodedFormRequest.m"; sourceTree = "<group>"; fileEncoding = 4; lastKnownFileType = sourcecode.c.objc; explicitFileType = undefined; includeInIndex = 0; };
		A33D1234946A45509655352B /* GCDWebServerDataResponse.m */ = {isa = PBXFileReference; name = "GCDWebServerDataResponse.m"; path = "cordova-plugin-ionic-webview/GCDWebServerDataResponse.m"; sourceTree = "<group>"; fileEncoding = 4; lastKnownFileType = sourcecode.c.objc; explicitFileType = undefined; includeInIndex = 0; };
		2C2B13B78997406B8F88CF4E /* GCDWebServerErrorResponse.m */ = {isa = PBXFileReference; name = "GCDWebServerErrorResponse.m"; path = "cordova-plugin-ionic-webview/GCDWebServerErrorResponse.m"; sourceTree = "<group>"; fileEncoding = 4; lastKnownFileType = sourcecode.c.objc; explicitFileType = undefined; includeInIndex = 0; };
		8349DC7DA18B4183B92A1720 /* GCDWebServerFileResponse.m */ = {isa = PBXFileReference; name = "GCDWebServerFileResponse.m"; path = "cordova-plugin-ionic-webview/GCDWebServerFileResponse.m"; sourceTree = "<group>"; fileEncoding = 4; lastKnownFileType = sourcecode.c.objc; explicitFileType = undefined; includeInIndex = 0; };
		1049177A1E6A4BEE9798CEA7 /* GCDWebServerStreamedResponse.m */ = {isa = PBXFileReference; name = "GCDWebServerStreamedResponse.m"; path = "cordova-plugin-ionic-webview/GCDWebServerStreamedResponse.m"; sourceTree = "<group>"; fileEncoding = 4; lastKnownFileType = sourcecode.c.objc; explicitFileType = undefined; includeInIndex = 0; };
		0ED1DA17A55D4B1BBB237FCE /* CDVWKWebViewEngine.h */ = {isa = PBXFileReference; name = "CDVWKWebViewEngine.h"; path = "cordova-plugin-ionic-webview/CDVWKWebViewEngine.h"; sourceTree = "<group>"; fileEncoding = 4; lastKnownFileType = sourcecode.c.h; explicitFileType = undefined; includeInIndex = 0; };
		94A5D24D67B744A9A240914C /* CDVWKWebViewUIDelegate.h */ = {isa = PBXFileReference; name = "CDVWKWebViewUIDelegate.h"; path = "cordova-plugin-ionic-webview/CDVWKWebViewUIDelegate.h"; sourceTree = "<group>"; fileEncoding = 4; lastKnownFileType = sourcecode.c.h; explicitFileType = undefined; includeInIndex = 0; };
		10E7A174D84D4B6E8E849DFE /* CDVWKProcessPoolFactory.h */ = {isa = PBXFileReference; name = "CDVWKProcessPoolFactory.h"; path = "cordova-plugin-ionic-webview/CDVWKProcessPoolFactory.h"; sourceTree = "<group>"; fileEncoding = 4; lastKnownFileType = sourcecode.c.h; explicitFileType = undefined; includeInIndex = 0; };
		DD49419C6E84465486C3B5FE /* IONAssetHandler.h */ = {isa = PBXFileReference; name = "IONAssetHandler.h"; path = "cordova-plugin-ionic-webview/IONAssetHandler.h"; sourceTree = "<group>"; fileEncoding = 4; lastKnownFileType = sourcecode.c.h; explicitFileType = undefined; includeInIndex = 0; };
		94E94100AA5C4E889F39102B /* GCDWebServer.h */ = {isa = PBXFileReference; name = "GCDWebServer.h"; path = "cordova-plugin-ionic-webview/GCDWebServer.h"; sourceTree = "<group>"; fileEncoding = 4; lastKnownFileType = sourcecode.c.h; explicitFileType = undefined; includeInIndex = 0; };
		69FB4368D0604C088AB55FCC /* GCDWebServerConnection.h */ = {isa = PBXFileReference; name = "GCDWebServerConnection.h"; path = "cordova-plugin-ionic-webview/GCDWebServerConnection.h"; sourceTree = "<group>"; fileEncoding = 4; lastKnownFileType = sourcecode.c.h; explicitFileType = undefined; includeInIndex = 0; };
		250318F4FF8543ECA81599B6 /* GCDWebServerFunctions.h */ = {isa = PBXFileReference; name = "GCDWebServerFunctions.h"; path = "cordova-plugin-ionic-webview/GCDWebServerFunctions.h"; sourceTree = "<group>"; fileEncoding = 4; lastKnownFileType = sourcecode.c.h; explicitFileType = undefined; includeInIndex = 0; };
		1327004B4A2243F28C46A1D8 /* GCDWebServerHTTPStatusCodes.h */ = {isa = PBXFileReference; name = "GCDWebServerHTTPStatusCodes.h"; path = "cordova-plugin-ionic-webview/GCDWebServerHTTPStatusCodes.h"; sourceTree = "<group>"; fileEncoding = 4; lastKnownFileType = sourcecode.c.h; explicitFileType = undefined; includeInIndex = 0; };
		12E15438907A435192399E53 /* GCDWebServerPrivate.h */ = {isa = PBXFileReference; name = "GCDWebServerPrivate.h"; path = "cordova-plugin-ionic-webview/GCDWebServerPrivate.h"; sourceTree = "<group>"; fileEncoding = 4; lastKnownFileType = sourcecode.c.h; explicitFileType = undefined; includeInIndex = 0; };
		A0DA711A440741BE9EBD3ABB /* GCDWebServerRequest.h */ = {isa = PBXFileReference; name = "GCDWebServerRequest.h"; path = "cordova-plugin-ionic-webview/GCDWebServerRequest.h"; sourceTree = "<group>"; fileEncoding = 4; lastKnownFileType = sourcecode.c.h; explicitFileType = undefined; includeInIndex = 0; };
		C1F97875E0284B51B641CC2A /* GCDWebServerResponse.h */ = {isa = PBXFileReference; name = "GCDWebServerResponse.h"; path = "cordova-plugin-ionic-webview/GCDWebServerResponse.h"; sourceTree = "<group>"; fileEncoding = 4; lastKnownFileType = sourcecode.c.h; explicitFileType = undefined; includeInIndex = 0; };
		937DFDC7712E4A8B84B67F27 /* GCDWebServerDataRequest.h */ = {isa = PBXFileReference; name = "GCDWebServerDataRequest.h"; path = "cordova-plugin-ionic-webview/GCDWebServerDataRequest.h"; sourceTree = "<group>"; fileEncoding = 4; lastKnownFileType = sourcecode.c.h; explicitFileType = undefined; includeInIndex = 0; };
		2F08F58B2FBA4E718F007D53 /* GCDWebServerFileRequest.h */ = {isa = PBXFileReference; name = "GCDWebServerFileRequest.h"; path = "cordova-plugin-ionic-webview/GCDWebServerFileRequest.h"; sourceTree = "<group>"; fileEncoding = 4; lastKnownFileType = sourcecode.c.h; explicitFileType = undefined; includeInIndex = 0; };
		F746BBD7F30345F29EC3F1CA /* GCDWebServerMultiPartFormRequest.h */ = {isa = PBXFileReference; name = "GCDWebServerMultiPartFormRequest.h"; path = "cordova-plugin-ionic-webview/GCDWebServerMultiPartFormRequest.h"; sourceTree = "<group>"; fileEncoding = 4; lastKnownFileType = sourcecode.c.h; explicitFileType = undefined; includeInIndex = 0; };
		DB283EABA2E549B09B34FCE6 /* GCDWebServerURLEncodedFormRequest.h */ = {isa = PBXFileReference; name = "GCDWebServerURLEncodedFormRequest.h"; path = "cordova-plugin-ionic-webview/GCDWebServerURLEncodedFormRequest.h"; sourceTree = "<group>"; fileEncoding = 4; lastKnownFileType = sourcecode.c.h; explicitFileType = undefined; includeInIndex = 0; };
		E6EA64E9DDAE44E7920F8E1C /* GCDWebServerDataResponse.h */ = {isa = PBXFileReference; name = "GCDWebServerDataResponse.h"; path = "cordova-plugin-ionic-webview/GCDWebServerDataResponse.h"; sourceTree = "<group>"; fileEncoding = 4; lastKnownFileType = sourcecode.c.h; explicitFileType = undefined; includeInIndex = 0; };
		93ED7355C74A4E4FAA7C5AD5 /* GCDWebServerErrorResponse.h */ = {isa = PBXFileReference; name = "GCDWebServerErrorResponse.h"; path = "cordova-plugin-ionic-webview/GCDWebServerErrorResponse.h"; sourceTree = "<group>"; fileEncoding = 4; lastKnownFileType = sourcecode.c.h; explicitFileType = undefined; includeInIndex = 0; };
		F2AB264BFB6C492B8B384814 /* GCDWebServerFileResponse.h */ = {isa = PBXFileReference; name = "GCDWebServerFileResponse.h"; path = "cordova-plugin-ionic-webview/GCDWebServerFileResponse.h"; sourceTree = "<group>"; fileEncoding = 4; lastKnownFileType = sourcecode.c.h; explicitFileType = undefined; includeInIndex = 0; };
		E1DA801B8CD64803BA731EB7 /* GCDWebServerStreamedResponse.h */ = {isa = PBXFileReference; name = "GCDWebServerStreamedResponse.h"; path = "cordova-plugin-ionic-webview/GCDWebServerStreamedResponse.h"; sourceTree = "<group>"; fileEncoding = 4; lastKnownFileType = sourcecode.c.h; explicitFileType = undefined; includeInIndex = 0; };
		E40F25745A004F1BA487E56D /* WebKit.framework */ = {isa = PBXFileReference; name = "WebKit.framework"; path = "System/Library/Frameworks/WebKit.framework"; sourceTree = SDKROOT; fileEncoding = undefined; lastKnownFileType = wrapper.framework; explicitFileType = undefined; includeInIndex = 0; };
		B502DD7D7FB242EA8A252C28 /* libz.tbd */ = {isa = PBXFileReference; name = "libz.tbd"; path = "usr/lib/libz.tbd"; sourceTree = SDKROOT; fileEncoding = undefined; lastKnownFileType = sourcecode.text-based-dylib-definition; explicitFileType = undefined; includeInIndex = 0; };
		20B7AD24E8284D94B47E2367 /* CDVIonicKeyboard.m */ = {isa = PBXFileReference; name = "CDVIonicKeyboard.m"; path = "cordova-plugin-ionic-keyboard/CDVIonicKeyboard.m"; sourceTree = "<group>"; fileEncoding = 4; lastKnownFileType = sourcecode.c.objc; explicitFileType = undefined; includeInIndex = 0; };
		0632EBE281214214A99EE32F /* CDVIonicKeyboard.h */ = {isa = PBXFileReference; name = "CDVIonicKeyboard.h"; path = "cordova-plugin-ionic-keyboard/CDVIonicKeyboard.h"; sourceTree = "<group>"; fileEncoding = 4; lastKnownFileType = sourcecode.c.h; explicitFileType = undefined; includeInIndex = 0; };
		497AB7921CD44789A5CDE09B /* CDVStatusBar.m */ = {isa = PBXFileReference; name = "CDVStatusBar.m"; path = "cordova-plugin-statusbar/CDVStatusBar.m"; sourceTree = "<group>"; fileEncoding = 4; lastKnownFileType = sourcecode.c.objc; explicitFileType = undefined; includeInIndex = 0; };
		F7B601009CA445E6801503C7 /* CDVStatusBar.h */ = {isa = PBXFileReference; name = "CDVStatusBar.h"; path = "cordova-plugin-statusbar/CDVStatusBar.h"; sourceTree = "<group>"; fileEncoding = 4; lastKnownFileType = sourcecode.c.h; explicitFileType = undefined; includeInIndex = 0; };
		BFDFA4F9E7064CFFBECCF2D7 /* CDVFile.m */ = {isa = PBXFileReference; name = "CDVFile.m"; path = "cordova-plugin-file/CDVFile.m"; sourceTree = "<group>"; fileEncoding = 4; lastKnownFileType = sourcecode.c.objc; explicitFileType = undefined; includeInIndex = 0; };
		7B2523E39CEA4188BBB4E747 /* CDVLocalFilesystem.m */ = {isa = PBXFileReference; name = "CDVLocalFilesystem.m"; path = "cordova-plugin-file/CDVLocalFilesystem.m"; sourceTree = "<group>"; fileEncoding = 4; lastKnownFileType = sourcecode.c.objc; explicitFileType = undefined; includeInIndex = 0; };
		D7BF26FDDA17465BA88372C6 /* CDVAssetLibraryFilesystem.m */ = {isa = PBXFileReference; name = "CDVAssetLibraryFilesystem.m"; path = "cordova-plugin-file/CDVAssetLibraryFilesystem.m"; sourceTree = "<group>"; fileEncoding = 4; lastKnownFileType = sourcecode.c.objc; explicitFileType = undefined; includeInIndex = 0; };
		D395A32443164DE99F668D31 /* CDVFile.h */ = {isa = PBXFileReference; name = "CDVFile.h"; path = "cordova-plugin-file/CDVFile.h"; sourceTree = "<group>"; fileEncoding = 4; lastKnownFileType = sourcecode.c.h; explicitFileType = undefined; includeInIndex = 0; };
		83ECAEA702E14BF79221FF77 /* CDVLocalFilesystem.h */ = {isa = PBXFileReference; name = "CDVLocalFilesystem.h"; path = "cordova-plugin-file/CDVLocalFilesystem.h"; sourceTree = "<group>"; fileEncoding = 4; lastKnownFileType = sourcecode.c.h; explicitFileType = undefined; includeInIndex = 0; };
		D159B3EFE93D41BABB27612A /* CDVAssetLibraryFilesystem.h */ = {isa = PBXFileReference; name = "CDVAssetLibraryFilesystem.h"; path = "cordova-plugin-file/CDVAssetLibraryFilesystem.h"; sourceTree = "<group>"; fileEncoding = 4; lastKnownFileType = sourcecode.c.h; explicitFileType = undefined; includeInIndex = 0; };
		F9C3525981B24B419BC2A0F2 /* CordovaHttpPlugin.m */ = {isa = PBXFileReference; name = "CordovaHttpPlugin.m"; path = "cordova-plugin-advanced-http/CordovaHttpPlugin.m"; sourceTree = "<group>"; fileEncoding = 4; lastKnownFileType = sourcecode.c.objc; explicitFileType = undefined; includeInIndex = 0; };
		6189F1EE0F44405D83AB3DC1 /* TextResponseSerializer.m */ = {isa = PBXFileReference; name = "TextResponseSerializer.m"; path = "cordova-plugin-advanced-http/TextResponseSerializer.m"; sourceTree = "<group>"; fileEncoding = 4; lastKnownFileType = sourcecode.c.objc; explicitFileType = undefined; includeInIndex = 0; };
		41BC1614E91646EABBD7A3F9 /* TextRequestSerializer.m */ = {isa = PBXFileReference; name = "TextRequestSerializer.m"; path = "cordova-plugin-advanced-http/TextRequestSerializer.m"; sourceTree = "<group>"; fileEncoding = 4; lastKnownFileType = sourcecode.c.objc; explicitFileType = undefined; includeInIndex = 0; };
		725EF2C71DD54647A6ACE14F /* AFHTTPSessionManager.m */ = {isa = PBXFileReference; name = "AFHTTPSessionManager.m"; path = "cordova-plugin-advanced-http/AFHTTPSessionManager.m"; sourceTree = "<group>"; fileEncoding = 4; lastKnownFileType = sourcecode.c.objc; explicitFileType = undefined; includeInIndex = 0; };
		53B238A44FCC4EF6B845965A /* AFNetworkReachabilityManager.m */ = {isa = PBXFileReference; name = "AFNetworkReachabilityManager.m"; path = "cordova-plugin-advanced-http/AFNetworkReachabilityManager.m"; sourceTree = "<group>"; fileEncoding = 4; lastKnownFileType = sourcecode.c.objc; explicitFileType = undefined; includeInIndex = 0; };
		7B064E3FBEAF4753817BA498 /* AFSecurityPolicy.m */ = {isa = PBXFileReference; name = "AFSecurityPolicy.m"; path = "cordova-plugin-advanced-http/AFSecurityPolicy.m"; sourceTree = "<group>"; fileEncoding = 4; lastKnownFileType = sourcecode.c.objc; explicitFileType = undefined; includeInIndex = 0; };
		1B00CF1AB7FB4272ADD68BCB /* AFURLRequestSerialization.m */ = {isa = PBXFileReference; name = "AFURLRequestSerialization.m"; path = "cordova-plugin-advanced-http/AFURLRequestSerialization.m"; sourceTree = "<group>"; fileEncoding = 4; lastKnownFileType = sourcecode.c.objc; explicitFileType = undefined; includeInIndex = 0; };
		5CA71FA3F9A341849397477F /* AFURLResponseSerialization.m */ = {isa = PBXFileReference; name = "AFURLResponseSerialization.m"; path = "cordova-plugin-advanced-http/AFURLResponseSerialization.m"; sourceTree = "<group>"; fileEncoding = 4; lastKnownFileType = sourcecode.c.objc; explicitFileType = undefined; includeInIndex = 0; };
		E01B6DDAC72B40DEA7E2EB70 /* AFURLSessionManager.m */ = {isa = PBXFileReference; name = "AFURLSessionManager.m"; path = "cordova-plugin-advanced-http/AFURLSessionManager.m"; sourceTree = "<group>"; fileEncoding = 4; lastKnownFileType = sourcecode.c.objc; explicitFileType = undefined; includeInIndex = 0; };
		40CCD394BC714809A8C9EE66 /* SDNetworkActivityIndicator.m */ = {isa = PBXFileReference; name = "SDNetworkActivityIndicator.m"; path = "cordova-plugin-advanced-http/SDNetworkActivityIndicator.m"; sourceTree = "<group>"; fileEncoding = 4; lastKnownFileType = sourcecode.c.objc; explicitFileType = undefined; includeInIndex = 0; };
		6D9E67FF78424E2EB8DB3455 /* CordovaHttpPlugin.h */ = {isa = PBXFileReference; name = "CordovaHttpPlugin.h"; path = "cordova-plugin-advanced-http/CordovaHttpPlugin.h"; sourceTree = "<group>"; fileEncoding = 4; lastKnownFileType = sourcecode.c.h; explicitFileType = undefined; includeInIndex = 0; };
		B0E8C49A06EE4A53A199B119 /* TextResponseSerializer.h */ = {isa = PBXFileReference; name = "TextResponseSerializer.h"; path = "cordova-plugin-advanced-http/TextResponseSerializer.h"; sourceTree = "<group>"; fileEncoding = 4; lastKnownFileType = sourcecode.c.h; explicitFileType = undefined; includeInIndex = 0; };
		2C36A743189B4FE78CFA3A74 /* TextRequestSerializer.h */ = {isa = PBXFileReference; name = "TextRequestSerializer.h"; path = "cordova-plugin-advanced-http/TextRequestSerializer.h"; sourceTree = "<group>"; fileEncoding = 4; lastKnownFileType = sourcecode.c.h; explicitFileType = undefined; includeInIndex = 0; };
		A09EEA84BA0A42B4B9D18B4E /* AFHTTPSessionManager.h */ = {isa = PBXFileReference; name = "AFHTTPSessionManager.h"; path = "cordova-plugin-advanced-http/AFHTTPSessionManager.h"; sourceTree = "<group>"; fileEncoding = 4; lastKnownFileType = sourcecode.c.h; explicitFileType = undefined; includeInIndex = 0; };
		DB076AF7ABE3423F9C95553A /* AFNetworking.h */ = {isa = PBXFileReference; name = "AFNetworking.h"; path = "cordova-plugin-advanced-http/AFNetworking.h"; sourceTree = "<group>"; fileEncoding = 4; lastKnownFileType = sourcecode.c.h; explicitFileType = undefined; includeInIndex = 0; };
		FB61F81EA71F46B1A9FD1B84 /* AFNetworkReachabilityManager.h */ = {isa = PBXFileReference; name = "AFNetworkReachabilityManager.h"; path = "cordova-plugin-advanced-http/AFNetworkReachabilityManager.h"; sourceTree = "<group>"; fileEncoding = 4; lastKnownFileType = sourcecode.c.h; explicitFileType = undefined; includeInIndex = 0; };
		B984EA303B8F4C1E863077FC /* AFSecurityPolicy.h */ = {isa = PBXFileReference; name = "AFSecurityPolicy.h"; path = "cordova-plugin-advanced-http/AFSecurityPolicy.h"; sourceTree = "<group>"; fileEncoding = 4; lastKnownFileType = sourcecode.c.h; explicitFileType = undefined; includeInIndex = 0; };
		A306E49F993C4BFB9C418EAB /* AFURLRequestSerialization.h */ = {isa = PBXFileReference; name = "AFURLRequestSerialization.h"; path = "cordova-plugin-advanced-http/AFURLRequestSerialization.h"; sourceTree = "<group>"; fileEncoding = 4; lastKnownFileType = sourcecode.c.h; explicitFileType = undefined; includeInIndex = 0; };
		9DB4D0F364A04B519F9343DE /* AFURLResponseSerialization.h */ = {isa = PBXFileReference; name = "AFURLResponseSerialization.h"; path = "cordova-plugin-advanced-http/AFURLResponseSerialization.h"; sourceTree = "<group>"; fileEncoding = 4; lastKnownFileType = sourcecode.c.h; explicitFileType = undefined; includeInIndex = 0; };
		C0475E57DE7246F1A4B1E6DE /* AFURLSessionManager.h */ = {isa = PBXFileReference; name = "AFURLSessionManager.h"; path = "cordova-plugin-advanced-http/AFURLSessionManager.h"; sourceTree = "<group>"; fileEncoding = 4; lastKnownFileType = sourcecode.c.h; explicitFileType = undefined; includeInIndex = 0; };
		7669FC9BF2174D5C89818BEF /* SDNetworkActivityIndicator.h */ = {isa = PBXFileReference; name = "SDNetworkActivityIndicator.h"; path = "cordova-plugin-advanced-http/SDNetworkActivityIndicator.h"; sourceTree = "<group>"; fileEncoding = 4; lastKnownFileType = sourcecode.c.h; explicitFileType = undefined; includeInIndex = 0; };
		4BECF37F081E44CA8150C4CE /* Security.framework */ = {isa = PBXFileReference; name = "Security.framework"; path = "System/Library/Frameworks/Security.framework"; sourceTree = SDKROOT; fileEncoding = undefined; lastKnownFileType = wrapper.framework; explicitFileType = undefined; includeInIndex = 0; };
		EB6854C0DA8640F695D5E7DC /* SystemConfiguration.framework */ = {isa = PBXFileReference; name = "SystemConfiguration.framework"; path = "System/Library/Frameworks/SystemConfiguration.framework"; sourceTree = SDKROOT; fileEncoding = undefined; lastKnownFileType = wrapper.framework; explicitFileType = undefined; includeInIndex = 0; };
/* End PBXFileReference section */

/* Begin PBXFrameworksBuildPhase section */
		1D60588F0D05DD3D006BFB54 /* Frameworks */ = {
			isa = PBXFrameworksBuildPhase;
			buildActionMask = 2147483647;
			files = (
				301BF552109A68D80062928A /* libCordova.a in Frameworks */,
				133819D8AE2949D3874437F7 /* ImageIO.framework in Frameworks */,
				7E82DD29F1DE4C2095D451FD /* CoreLocation.framework in Frameworks */,
				5E3FC66148464B5AACEF1D2C /* AVFoundation.framework in Frameworks */,
				CCD35D6E09D64994BBB65B2A /* QuartzCore.framework in Frameworks */,
				7DEBBE8086F9481FB9C520AA /* AudioToolbox.framework in Frameworks */,
				BDF687CE513B4F628B83EA5A /* WebKit.framework in Frameworks */,
				1ACC298B23604594B530459C /* libz.tbd in Frameworks */,
				FCFEA1E1D2E94EB98A663911 /* Security.framework in Frameworks */,
				ADEC44892BC94CF9B6E0F76E /* SystemConfiguration.framework in Frameworks */,
			);
			runOnlyForDeploymentPostprocessing = 0;
		};
/* End PBXFrameworksBuildPhase section */

/* Begin PBXGroup section */
		080E96DDFE201D6D7F000001 /* Classes */ = {
			isa = PBXGroup;
			children = (
				302D95EE14D2391D003F00A1 /* MainViewController.h */,
				302D95EF14D2391D003F00A1 /* MainViewController.m */,
				302D95F014D2391D003F00A1 /* MainViewController.xib */,
				1D3623240D0F684500981E51 /* AppDelegate.h */,
				1D3623250D0F684500981E51 /* AppDelegate.m */,
			);
			name = Classes;
			path = "MyApp/Classes";
			sourceTree = SOURCE_ROOT;
		};
		19C28FACFE9D520D11CA2CBB /* Products */ = {
			isa = PBXGroup;
			children = (
				1D6058910D05DD3D006BFB54 /* MyApp.app */,
			);
			name = Products;
			sourceTree = "<group>";
		};
		29B97314FDCFA39411CA2CEA /* CustomTemplate */ = {
			isa = PBXGroup;
			children = (
				EB87FDF41871DAF40020F90C /* config.xml */,
				EB87FDF31871DA8E0020F90C /* www */,
				EB87FDF11871DA420020F90C /* Staging */,
				301BF52D109A57CC0062928A /* CordovaLib.xcodeproj */,
				080E96DDFE201D6D7F000001 /* Classes */,
				307C750510C5A3420062BCA9 /* Plugins */,
				29B97315FDCFA39411CA2CEA /* Other Sources */,
				29B97317FDCFA39411CA2CEA /* Resources */,
				29B97323FDCFA39411CA2CEA /* Frameworks */,
				19C28FACFE9D520D11CA2CBB /* Products */,
			);
			name = CustomTemplate;
			sourceTree = "<group>";
		};
		29B97315FDCFA39411CA2CEA /* Other Sources */ = {
			isa = PBXGroup;
			children = (
				32CA4F630368D1EE00C91783 /* MyApp-Prefix.pch */,
				29B97316FDCFA39411CA2CEA /* main.m */,
				ED33DF2A687741AEAF9F8254 /* Bridging-Header.h */,
			);
			name = "Other Sources";
			path = "MyApp";
			sourceTree = "<group>";
		};
		29B97317FDCFA39411CA2CEA /* Resources */ = {
			isa = PBXGroup;
			children = (
				0207DA571B56EA530066E2B4 /* Images.xcassets */,
				3047A50E1AB8057F00498E2A /* config */,
				8D1107310486CEB800E47090 /* MyApp-Info.plist */,
				6AFF5BF81D6E424B00AB3073 /* CDVLaunchScreen.storyboard */,
				A0559EBEBEA04FA7BCA19B13 /* scannerOverlay.xib */,
				4E228870596844138DDDACD5 /* CDVBarcodeScanner.bundle */,
			);
			name = Resources;
			path = "MyApp/Resources";
			sourceTree = "<group>";
		};
		29B97323FDCFA39411CA2CEA /* Frameworks */ = {
			isa = PBXGroup;
			children = (
				F4C30FEFA3604F9E8438F332 /* ImageIO.framework */,
				C65D0A71F1CB41F99D31BB04 /* CoreLocation.framework */,
				F6473FE2140A43BDA82F9C68 /* AVFoundation.framework */,
				225001FE99F8420AB7B81C40 /* QuartzCore.framework */,
				712D05AE0D88419B917B1D59 /* AudioToolbox.framework */,
				E40F25745A004F1BA487E56D /* WebKit.framework */,
				B502DD7D7FB242EA8A252C28 /* libz.tbd */,
				4BECF37F081E44CA8150C4CE /* Security.framework */,
				EB6854C0DA8640F695D5E7DC /* SystemConfiguration.framework */,
			);
			name = Frameworks;
			sourceTree = "<group>";
		};
		301BF52E109A57CC0062928A /* Products */ = {
			isa = PBXGroup;
			children = (
				301BF535109A57CC0062928A /* libCordova.a */,
			);
			name = Products;
			sourceTree = "<group>";
		};
		3047A50E1AB8057F00498E2A /* config */ = {
			isa = PBXGroup;
			children = (
				3047A50F1AB8059700498E2A /* build-debug.xcconfig */,
				3047A5101AB8059700498E2A /* build-release.xcconfig */,
				3047A5111AB8059700498E2A /* build.xcconfig */,
			);
			name = config;
			sourceTree = "<group>";
		};
		307C750510C5A3420062BCA9 /* Plugins */ = {
			isa = PBXGroup;
			children = (
				8C66AEF64D9145699506CE84 /* UIImage+CropScaleOrientation.m */,
				8D23E3B17E5945269B9567FA /* CDVCamera.m */,
				B96D52B25DD344AC9EE2211C /* CDVJpegHeaderWriter.m */,
				517210D26FA240BB8559E455 /* UIImage+CropScaleOrientation.h */,
				93A930DAF6234F5592C551FC /* CDVCamera.h */,
				3F76CE9FF7A440CB81DAF154 /* CDVJpegHeaderWriter.h */,
				28C9E9F2E1224009AACACFEE /* CDVExif.h */,
				291457BA28654F1BAB942B6C /* CDVLocation.m */,
				63EBE4E74A194DDCBBDC23E2 /* CDVLocation.h */,
				DC72828D0A914D259F04C214 /* Toast+UIView.m */,
				E1DA4839A9B949C6BDF83655 /* Toast.m */,
				2F370AACB043431EB47CD275 /* Toast+UIView.h */,
				28D2D99E2C474E3CB70480E5 /* Toast.h */,
				AAD68F8D770A41FD8A89686F /* CDVBarcodeScanner.mm */,
				AEF04133EBE64BDEACB532C4 /* CDVDevice.m */,
				1CA92C5F6D394880A54C2D40 /* CDVDevice.h */,
				9FE39E0E6CD24A09BA93D78F /* CDVSplashScreen.m */,
				E60B671B585F42EA96C74C21 /* CDVViewController+SplashScreen.m */,
				7BA0E8B4255A49BAAF199BB9 /* CDVSplashScreen.h */,
				251DAD97C7294F92999A959B /* CDVViewController+SplashScreen.h */,
				1416C611A0CB44E59F4AFA1A /* CDVWKWebViewEngine.m */,
				E21718FEF21142F5B72F6BA7 /* CDVWKWebViewUIDelegate.m */,
				24262FC144AE4290B335A1A8 /* CDVWKProcessPoolFactory.m */,
				00CD4ED49FC74015B1A71592 /* IONAssetHandler.m */,
				876D0E8A9F7A4888AFD89F02 /* GCDWebServer.m */,
				54D57F1C2C7E4780A9F76F27 /* GCDWebServerConnection.m */,
				BA13E06D8C0340B0AD4ADF68 /* GCDWebServerFunctions.m */,
				7304F79DF98149A6ACF603D2 /* GCDWebServerRequest.m */,
				A35515D2ADFA439292FF28BF /* GCDWebServerResponse.m */,
				4AA78E16FDAF45C6A7C9E247 /* GCDWebServerDataRequest.m */,
				0D019B0D152C425DBA9C9C2C /* GCDWebServerFileRequest.m */,
				1ABC1BD386C64FF887DAE3A3 /* GCDWebServerMultiPartFormRequest.m */,
				3E3ADE3B474047F58BC2D4F5 /* GCDWebServerURLEncodedFormRequest.m */,
				A33D1234946A45509655352B /* GCDWebServerDataResponse.m */,
				2C2B13B78997406B8F88CF4E /* GCDWebServerErrorResponse.m */,
				8349DC7DA18B4183B92A1720 /* GCDWebServerFileResponse.m */,
				1049177A1E6A4BEE9798CEA7 /* GCDWebServerStreamedResponse.m */,
				0ED1DA17A55D4B1BBB237FCE /* CDVWKWebViewEngine.h */,
				94A5D24D67B744A9A240914C /* CDVWKWebViewUIDelegate.h */,
				10E7A174D84D4B6E8E849DFE /* CDVWKProcessPoolFactory.h */,
				DD49419C6E84465486C3B5FE /* IONAssetHandler.h */,
				94E94100AA5C4E889F39102B /* GCDWebServer.h */,
				69FB4368D0604C088AB55FCC /* GCDWebServerConnection.h */,
				250318F4FF8543ECA81599B6 /* GCDWebServerFunctions.h */,
				1327004B4A2243F28C46A1D8 /* GCDWebServerHTTPStatusCodes.h */,
				12E15438907A435192399E53 /* GCDWebServerPrivate.h */,
				A0DA711A440741BE9EBD3ABB /* GCDWebServerRequest.h */,
				C1F97875E0284B51B641CC2A /* GCDWebServerResponse.h */,
				937DFDC7712E4A8B84B67F27 /* GCDWebServerDataRequest.h */,
				2F08F58B2FBA4E718F007D53 /* GCDWebServerFileRequest.h */,
				F746BBD7F30345F29EC3F1CA /* GCDWebServerMultiPartFormRequest.h */,
				DB283EABA2E549B09B34FCE6 /* GCDWebServerURLEncodedFormRequest.h */,
				E6EA64E9DDAE44E7920F8E1C /* GCDWebServerDataResponse.h */,
				93ED7355C74A4E4FAA7C5AD5 /* GCDWebServerErrorResponse.h */,
				F2AB264BFB6C492B8B384814 /* GCDWebServerFileResponse.h */,
				E1DA801B8CD64803BA731EB7 /* GCDWebServerStreamedResponse.h */,
				20B7AD24E8284D94B47E2367 /* CDVIonicKeyboard.m */,
				0632EBE281214214A99EE32F /* CDVIonicKeyboard.h */,
				497AB7921CD44789A5CDE09B /* CDVStatusBar.m */,
				F7B601009CA445E6801503C7 /* CDVStatusBar.h */,
				BFDFA4F9E7064CFFBECCF2D7 /* CDVFile.m */,
				7B2523E39CEA4188BBB4E747 /* CDVLocalFilesystem.m */,
				D7BF26FDDA17465BA88372C6 /* CDVAssetLibraryFilesystem.m */,
				D395A32443164DE99F668D31 /* CDVFile.h */,
				83ECAEA702E14BF79221FF77 /* CDVLocalFilesystem.h */,
				D159B3EFE93D41BABB27612A /* CDVAssetLibraryFilesystem.h */,
				F9C3525981B24B419BC2A0F2 /* CordovaHttpPlugin.m */,
				6189F1EE0F44405D83AB3DC1 /* TextResponseSerializer.m */,
				41BC1614E91646EABBD7A3F9 /* TextRequestSerializer.m */,
				725EF2C71DD54647A6ACE14F /* AFHTTPSessionManager.m */,
				53B238A44FCC4EF6B845965A /* AFNetworkReachabilityManager.m */,
				7B064E3FBEAF4753817BA498 /* AFSecurityPolicy.m */,
				1B00CF1AB7FB4272ADD68BCB /* AFURLRequestSerialization.m */,
				5CA71FA3F9A341849397477F /* AFURLResponseSerialization.m */,
				E01B6DDAC72B40DEA7E2EB70 /* AFURLSessionManager.m */,
				40CCD394BC714809A8C9EE66 /* SDNetworkActivityIndicator.m */,
				6D9E67FF78424E2EB8DB3455 /* CordovaHttpPlugin.h */,
				B0E8C49A06EE4A53A199B119 /* TextResponseSerializer.h */,
				2C36A743189B4FE78CFA3A74 /* TextRequestSerializer.h */,
				A09EEA84BA0A42B4B9D18B4E /* AFHTTPSessionManager.h */,
				DB076AF7ABE3423F9C95553A /* AFNetworking.h */,
				FB61F81EA71F46B1A9FD1B84 /* AFNetworkReachabilityManager.h */,
				B984EA303B8F4C1E863077FC /* AFSecurityPolicy.h */,
				A306E49F993C4BFB9C418EAB /* AFURLRequestSerialization.h */,
				9DB4D0F364A04B519F9343DE /* AFURLResponseSerialization.h */,
				C0475E57DE7246F1A4B1E6DE /* AFURLSessionManager.h */,
				7669FC9BF2174D5C89818BEF /* SDNetworkActivityIndicator.h */,
			);
			name = Plugins;
			path = "MyApp/Plugins";
			sourceTree = SOURCE_ROOT;
		};
		EB87FDF11871DA420020F90C /* Staging */ = {
			isa = PBXGroup;
			children = (
				F840E1F0165FE0F500CFE078 /* config.xml */,
				301BF56E109A69640062928A /* www */,
			);
			name = Staging;
			sourceTree = "<group>";
		};
/* End PBXGroup section */

/* Begin PBXNativeTarget section */
		1D6058900D05DD3D006BFB54 /* MyApp */ = {
			isa = PBXNativeTarget;
			buildConfigurationList = 1D6058960D05DD3E006BFB54 /* Build configuration list for PBXNativeTarget "MyApp" */;
			buildPhases = (
				304B58A110DAC018002A0835 /* Copy www directory */,
				1D60588D0D05DD3D006BFB54 /* Resources */,
				1D60588E0D05DD3D006BFB54 /* Sources */,
				1D60588F0D05DD3D006BFB54 /* Frameworks */,
			);
			buildRules = (
			);
			dependencies = (
				301BF551109A68C00062928A /* PBXTargetDependency */,
			);
			name = "MyApp";
			productName = "MyApp";
			productReference = 1D6058910D05DD3D006BFB54 /* MyApp.app */;
			productType = "com.apple.product-type.application";
		};
/* End PBXNativeTarget section */

/* Begin PBXProject section */
		29B97313FDCFA39411CA2CEA /* Project object */ = {
			isa = PBXProject;
			attributes = {
				LastUpgradeCheck = 510;
			};
			buildConfigurationList = C01FCF4E08A954540054247B /* Build configuration list for PBXProject "__NON-CLI__" */;
			compatibilityVersion = "Xcode 3.2";
			developmentRegion = English;
			hasScannedForEncodings = 1;
			mainGroup = 29B97314FDCFA39411CA2CEA /* CustomTemplate */;
			projectDirPath = "";
			projectReferences = (
				{
					ProductGroup = 301BF52E109A57CC0062928A /* Products */;
					ProjectRef = 301BF52D109A57CC0062928A /* CordovaLib.xcodeproj */;
				},
			);
			projectRoot = "";
			targets = (
				1D6058900D05DD3D006BFB54 /* MyApp */,
			);
		};
/* End PBXProject section */

/* Begin PBXReferenceProxy section */
		301BF535109A57CC0062928A /* libCordova.a */ = {
			isa = PBXReferenceProxy;
			fileType = archive.ar;
			path = libCordova.a;
			remoteRef = 301BF534109A57CC0062928A /* PBXContainerItemProxy */;
			sourceTree = BUILT_PRODUCTS_DIR;
		};
/* End PBXReferenceProxy section */

/* Begin PBXResourcesBuildPhase section */
		1D60588D0D05DD3D006BFB54 /* Resources */ = {
			isa = PBXResourcesBuildPhase;
			buildActionMask = 2147483647;
			files = (
				302D95F214D2391D003F00A1 /* MainViewController.xib in Resources */,
				0207DA581B56EA530066E2B4 /* Images.xcassets in Resources */,
				6AFF5BF91D6E424B00AB3073 /* CDVLaunchScreen.storyboard in Resources */,
				BF05DDE9272F45D29B2D976D /* scannerOverlay.xib in Resources */,
				A5921A5C0DD5488383C68D1B /* CDVBarcodeScanner.bundle in Resources */,
			);
			runOnlyForDeploymentPostprocessing = 0;
		};
/* End PBXResourcesBuildPhase section */

/* Begin PBXShellScriptBuildPhase section */
		304B58A110DAC018002A0835 /* Copy www directory */ = {
			isa = PBXShellScriptBuildPhase;
			buildActionMask = 2147483647;
			files = (
			);
			inputPaths = (
			);
			name = "Copy www directory";
			outputPaths = (
			);
			runOnlyForDeploymentPostprocessing = 0;
			shellPath = /bin/sh;
			shellScript = "NODEJS_PATH=/usr/local/bin; NVM_NODE_PATH=~/.nvm/versions/node/`nvm version 2>/dev/null`/bin; N_NODE_PATH=`find /usr/local/n/versions/node/* -maxdepth 0 -type d 2>/dev/null | tail -1`/bin; XCODE_NODE_PATH=`xcode-select --print-path`/usr/share/xcs/Node/bin; PATH=$NODEJS_PATH:$NVM_NODE_PATH:$N_NODE_PATH:$XCODE_NODE_PATH:$PATH && node cordova/lib/copy-www-build-step.js";
			showEnvVarsInLog = 0;
		};
/* End PBXShellScriptBuildPhase section */

/* Begin PBXSourcesBuildPhase section */
		1D60588E0D05DD3D006BFB54 /* Sources */ = {
			isa = PBXSourcesBuildPhase;
			buildActionMask = 2147483647;
			files = (
				1D60589B0D05DD56006BFB54 /* main.m in Sources */,
				1D3623260D0F684500981E51 /* AppDelegate.m in Sources */,
				302D95F114D2391D003F00A1 /* MainViewController.m in Sources */,
				D511B85EBC3C4D3AB85D3177 /* UIImage+CropScaleOrientation.m in Sources */,
				B5DCEAAF5567417DB7F36B0A /* CDVCamera.m in Sources */,
				F36269D2ED494458A6FABC00 /* CDVJpegHeaderWriter.m in Sources */,
				4FCC83F747B84D6D8D7ACE07 /* CDVLocation.m in Sources */,
				CF2A48F10AE94BB992730571 /* Toast+UIView.m in Sources */,
				EB2F5E01E0E5450CB3194793 /* Toast.m in Sources */,
				43770256C1964D479A7738F0 /* CDVBarcodeScanner.mm in Resources */,
				E6E93C33FF484245ABAF6003 /* CDVDevice.m in Sources */,
				B8E46C2B0C804525AAAED10E /* CDVSplashScreen.m in Sources */,
				FD63E7ADFCE0433B9E9A8B19 /* CDVViewController+SplashScreen.m in Sources */,
				593406135FC6495BA90EE5AD /* CDVWKWebViewEngine.m in Sources */,
				B8475D89E278432387404D87 /* CDVWKWebViewUIDelegate.m in Sources */,
				BE4EC967495942DEB5FF156E /* CDVWKProcessPoolFactory.m in Sources */,
				F6558F1AECE2477BA489537E /* IONAssetHandler.m in Sources */,
				73E55C16E09B4AE5AC22A0E4 /* GCDWebServer.m in Sources */,
				682AD5E253DE4C3089D418DA /* GCDWebServerConnection.m in Sources */,
				8925EA1EAD044A85B6B4EAC6 /* GCDWebServerFunctions.m in Sources */,
				15403258F3EA498BB53132A7 /* GCDWebServerRequest.m in Sources */,
				A4B43FA6C8BB4F6BBD384B99 /* GCDWebServerResponse.m in Sources */,
				D676E195EFF145B1B07C607D /* GCDWebServerDataRequest.m in Sources */,
				47CEC8F579CC431EBE176888 /* GCDWebServerFileRequest.m in Sources */,
				50715A8ABDCD4643ADF5BD38 /* GCDWebServerMultiPartFormRequest.m in Sources */,
				DFDE2075245D402F86BC744C /* GCDWebServerURLEncodedFormRequest.m in Sources */,
				612BA1C77AC441B980EA2CDD /* GCDWebServerDataResponse.m in Sources */,
				2AE21A76225E4A5CBADA04FA /* GCDWebServerErrorResponse.m in Sources */,
				6EF5BC7B983049D784D53DE2 /* GCDWebServerFileResponse.m in Sources */,
				CFE1DA563912433A9D5A3036 /* GCDWebServerStreamedResponse.m in Sources */,
				C813A8955C30498BA24F6E86 /* CDVIonicKeyboard.m in Sources */,
				9CA11E7E1B99416AAED3A65E /* CDVStatusBar.m in Sources */,
				830329AED1AA448DAC80B4C8 /* CDVFile.m in Sources */,
				2F995F158F344514B7DAE8D2 /* CDVLocalFilesystem.m in Sources */,
				7026BE0D802141FBAB1851C0 /* CDVAssetLibraryFilesystem.m in Sources */,
				C3B46757263248D2B770F309 /* CordovaHttpPlugin.m in Sources */,
				4FFBA15D37F74D6D93BE0DD8 /* TextResponseSerializer.m in Sources */,
				5CFD6E935D884D8090ECB5D9 /* TextRequestSerializer.m in Sources */,
				7DDF631D469A4DE18448217B /* AFHTTPSessionManager.m in Sources */,
				9E8AFC23FC5B4C9594155AD2 /* AFNetworkReachabilityManager.m in Sources */,
				4BDC622804954EAF8CD982D1 /* AFSecurityPolicy.m in Sources */,
				4CF62E3047564AEA9D0B2721 /* AFURLRequestSerialization.m in Sources */,
				A587D975B5F94F75B5F528F7 /* AFURLResponseSerialization.m in Sources */,
				83C7E925A1FD42C4AE2DB9FC /* AFURLSessionManager.m in Sources */,
				295E90B615174E43B085336B /* SDNetworkActivityIndicator.m in Sources */,
			);
			runOnlyForDeploymentPostprocessing = 0;
		};
/* End PBXSourcesBuildPhase section */

/* Begin PBXTargetDependency section */
		301BF551109A68C00062928A /* PBXTargetDependency */ = {
			isa = PBXTargetDependency;
			name = CordovaLib;
			targetProxy = 301BF550109A68C00062928A /* PBXContainerItemProxy */;
		};
/* End PBXTargetDependency section */

/* Begin XCBuildConfiguration section */
		1D6058940D05DD3E006BFB54 /* Debug */ = {
			isa = XCBuildConfiguration;
			baseConfigurationReference = 3047A50F1AB8059700498E2A /* build-debug.xcconfig */;
			buildSettings = {
				ALWAYS_SEARCH_USER_PATHS = NO;
				ASSETCATALOG_COMPILER_APPICON_NAME = AppIcon;
				ASSETCATALOG_COMPILER_LAUNCHIMAGE_NAME = LaunchImage;
				CLANG_ENABLE_MODULES = YES;
				CLANG_ENABLE_OBJC_ARC = YES;
				COPY_PHASE_STRIP = NO;
				GCC_DYNAMIC_NO_PIC = NO;
				GCC_OPTIMIZATION_LEVEL = 0;
				GCC_PRECOMPILE_PREFIX_HEADER = YES;
				GCC_PREFIX_HEADER = "MyApp/MyApp-Prefix.pch";
				GCC_THUMB_SUPPORT = NO;
				GCC_VERSION = "";
				INFOPLIST_FILE = "MyApp/MyApp-Info.plist";
				IPHONEOS_DEPLOYMENT_TARGET = 9.0;
				LD_RUNPATH_SEARCH_PATHS = "@executable_path/Frameworks";
				TARGETED_DEVICE_FAMILY = "1,2";
				PRODUCT_NAME = "MyApp";
			};
			name = Debug;
		};
		1D6058950D05DD3E006BFB54 /* Release */ = {
			isa = XCBuildConfiguration;
			baseConfigurationReference = 3047A5101AB8059700498E2A /* build-release.xcconfig */;
			buildSettings = {
				ALWAYS_SEARCH_USER_PATHS = NO;
				ASSETCATALOG_COMPILER_APPICON_NAME = AppIcon;
				ASSETCATALOG_COMPILER_LAUNCHIMAGE_NAME = LaunchImage;
				CLANG_ENABLE_MODULES = YES;
				CLANG_ENABLE_OBJC_ARC = YES;
				COPY_PHASE_STRIP = YES;
				GCC_PRECOMPILE_PREFIX_HEADER = YES;
				GCC_PREFIX_HEADER = "MyApp/MyApp-Prefix.pch";
				GCC_THUMB_SUPPORT = NO;
				GCC_VERSION = "";
				INFOPLIST_FILE = "MyApp/MyApp-Info.plist";
				IPHONEOS_DEPLOYMENT_TARGET = 9.0;
				LD_RUNPATH_SEARCH_PATHS = "@executable_path/Frameworks";
				TARGETED_DEVICE_FAMILY = "1,2";
				PRODUCT_NAME = "MyApp";
			};
			name = Release;
		};
		C01FCF4F08A954540054247B /* Debug */ = {
			isa = XCBuildConfiguration;
			baseConfigurationReference = 3047A5111AB8059700498E2A /* build.xcconfig */;
			buildSettings = {
				CLANG_ENABLE_MODULES = YES;
				CLANG_ENABLE_OBJC_ARC = YES;
				CLANG_WARN_BOOL_CONVERSION = YES;
				CLANG_WARN_CONSTANT_CONVERSION = YES;
				CLANG_WARN_EMPTY_BODY = YES;
				CLANG_WARN_ENUM_CONVERSION = YES;
				CLANG_WARN_INT_CONVERSION = YES;
				CLANG_WARN__DUPLICATE_METHOD_MATCH = YES;
				GCC_C_LANGUAGE_STANDARD = c99;
				GCC_THUMB_SUPPORT = NO;
				GCC_VERSION = "";
				GCC_WARN_ABOUT_RETURN_TYPE = YES;
				GCC_WARN_UNDECLARED_SELECTOR = YES;
				GCC_WARN_UNINITIALIZED_AUTOS = YES;
				GCC_WARN_UNUSED_FUNCTION = YES;
				GCC_WARN_UNUSED_VARIABLE = YES;
				ONLY_ACTIVE_ARCH = YES;
				SDKROOT = iphoneos;
				SKIP_INSTALL = NO;
			};
			name = Debug;
		};
		C01FCF5008A954540054247B /* Release */ = {
			isa = XCBuildConfiguration;
			baseConfigurationReference = 3047A5111AB8059700498E2A /* build.xcconfig */;
			buildSettings = {
				CLANG_ENABLE_MODULES = YES;
				CLANG_ENABLE_OBJC_ARC = YES;
				CLANG_WARN_BOOL_CONVERSION = YES;
				CLANG_WARN_CONSTANT_CONVERSION = YES;
				CLANG_WARN_EMPTY_BODY = YES;
				CLANG_WARN_ENUM_CONVERSION = YES;
				CLANG_WARN_INT_CONVERSION = YES;
				CLANG_WARN__DUPLICATE_METHOD_MATCH = YES;
				GCC_C_LANGUAGE_STANDARD = c99;
				GCC_THUMB_SUPPORT = NO;
				GCC_VERSION = "";
				GCC_WARN_ABOUT_RETURN_TYPE = YES;
				GCC_WARN_UNDECLARED_SELECTOR = YES;
				GCC_WARN_UNINITIALIZED_AUTOS = YES;
				GCC_WARN_UNUSED_FUNCTION = YES;
				GCC_WARN_UNUSED_VARIABLE = YES;
				SDKROOT = iphoneos;
				SKIP_INSTALL = NO;
			};
			name = Release;
		};
/* End XCBuildConfiguration section */

/* Begin XCConfigurationList section */
		1D6058960D05DD3E006BFB54 /* Build configuration list for PBXNativeTarget "MyApp" */ = {
			isa = XCConfigurationList;
			buildConfigurations = (
				1D6058940D05DD3E006BFB54 /* Debug */,
				1D6058950D05DD3E006BFB54 /* Release */,
			);
			defaultConfigurationIsVisible = 0;
			defaultConfigurationName = Release;
		};
		C01FCF4E08A954540054247B /* Build configuration list for PBXProject "__NON-CLI__" */ = {
			isa = XCConfigurationList;
			buildConfigurations = (
				C01FCF4F08A954540054247B /* Debug */,
				C01FCF5008A954540054247B /* Release */,
			);
			defaultConfigurationIsVisible = 0;
			defaultConfigurationName = Release;
		};
/* End XCConfigurationList section */
	};
	rootObject = 29B97313FDCFA39411CA2CEA /* Project object */;
}
